// !$*UTF8*$!
{
	archiveVersion = 1;
	classes = {
	};
	objectVersion = 50;
	objects = {

/* Begin PBXBuildFile section */
		A400272C20D142890079D9D8 /* UIColorExtension.swift in Sources */ = {isa = PBXBuildFile; fileRef = A400272B20D142890079D9D8 /* UIColorExtension.swift */; };
		A400272E20D169230079D9D8 /* ImageGridLayoutCell.swift in Sources */ = {isa = PBXBuildFile; fileRef = A400272D20D169230079D9D8 /* ImageGridLayoutCell.swift */; };
		A434B59720CC31F0006A7E20 /* PhoneNumberLoginViewController+LoginCallback.swift in Sources */ = {isa = PBXBuildFile; fileRef = A434B59620CC31F0006A7E20 /* PhoneNumberLoginViewController+LoginCallback.swift */; };
		A434B59920CD1E5E006A7E20 /* RootTabBarViewController.swift in Sources */ = {isa = PBXBuildFile; fileRef = A434B59820CD1E5E006A7E20 /* RootTabBarViewController.swift */; };
		A434B59C20CD2FDD006A7E20 /* HomeViewController.swift in Sources */ = {isa = PBXBuildFile; fileRef = A434B59B20CD2FDD006A7E20 /* HomeViewController.swift */; };
		A434B59F20CD32A3006A7E20 /* CourseViewController.swift in Sources */ = {isa = PBXBuildFile; fileRef = A434B59E20CD32A3006A7E20 /* CourseViewController.swift */; };
		A434B5A220CD330D006A7E20 /* MessageViewController.swift in Sources */ = {isa = PBXBuildFile; fileRef = A434B5A120CD330D006A7E20 /* MessageViewController.swift */; };
		A434B5A520CD3367006A7E20 /* MeViewController.swift in Sources */ = {isa = PBXBuildFile; fileRef = A434B5A420CD3367006A7E20 /* MeViewController.swift */; };
		A434B5A920CD847D006A7E20 /* CreateCourseViewController.swift in Sources */ = {isa = PBXBuildFile; fileRef = A434B5A820CD847D006A7E20 /* CreateCourseViewController.swift */; };
		A434B5AB20CE573D006A7E20 /* TextFieldOnlyCell.swift in Sources */ = {isa = PBXBuildFile; fileRef = A434B5AA20CE573D006A7E20 /* TextFieldOnlyCell.swift */; };
		A434B5AD20CE68C7006A7E20 /* TextViewOnlyCell.swift in Sources */ = {isa = PBXBuildFile; fileRef = A434B5AC20CE68C7006A7E20 /* TextViewOnlyCell.swift */; };
		A434B5B020CE9DB4006A7E20 /* UIAlertController+Extension.swift in Sources */ = {isa = PBXBuildFile; fileRef = A434B5AF20CE9DB4006A7E20 /* UIAlertController+Extension.swift */; };
		A434B5B220CE9DE3006A7E20 /* PickerViewViewController.swift in Sources */ = {isa = PBXBuildFile; fileRef = A434B5B120CE9DE3006A7E20 /* PickerViewViewController.swift */; };
		A434B5B420CEC441006A7E20 /* DatePickerViewController.swift in Sources */ = {isa = PBXBuildFile; fileRef = A434B5B320CEC441006A7E20 /* DatePickerViewController.swift */; };
		A4BB305920C436E2006CD59B /* PhoneNumberInputViewController.swift in Sources */ = {isa = PBXBuildFile; fileRef = A4BB305820C436E2006CD59B /* PhoneNumberInputViewController.swift */; };
		A4CA6B6420B88E2C00EBB3F7 /* AppDelegate.swift in Sources */ = {isa = PBXBuildFile; fileRef = A4CA6B6320B88E2C00EBB3F7 /* AppDelegate.swift */; };
		A4CA6B6C20B88E2C00EBB3F7 /* Aristotle.xcdatamodeld in Sources */ = {isa = PBXBuildFile; fileRef = A4CA6B6A20B88E2C00EBB3F7 /* Aristotle.xcdatamodeld */; };
		A4CA6B6E20B88E2C00EBB3F7 /* Assets.xcassets in Resources */ = {isa = PBXBuildFile; fileRef = A4CA6B6D20B88E2C00EBB3F7 /* Assets.xcassets */; };
		A4CA6B9020B88F7100EBB3F7 /* AriCore.framework in Frameworks */ = {isa = PBXBuildFile; fileRef = A4CA6B8F20B88F7100EBB3F7 /* AriCore.framework */; };
		A4CA6E3620B9874F00EBB3F7 /* LoginViewController.swift in Sources */ = {isa = PBXBuildFile; fileRef = A4CA6E3520B9874F00EBB3F7 /* LoginViewController.swift */; };
		A4CA6E3920B9B78300EBB3F7 /* AriCore.framework in CopyFiles */ = {isa = PBXBuildFile; fileRef = A4CA6B8F20B88F7100EBB3F7 /* AriCore.framework */; settings = {ATTRIBUTES = (CodeSignOnCopy, RemoveHeadersOnCopy, ); }; };
		A4CA6E3B20B9BA3100EBB3F7 /* PhoneNumberLoginViewController.swift in Sources */ = {isa = PBXBuildFile; fileRef = A4CA6E3A20B9BA3100EBB3F7 /* PhoneNumberLoginViewController.swift */; };
		A4CA6E3D20B9BAE700EBB3F7 /* PhoneNumberSignupViewController.swift in Sources */ = {isa = PBXBuildFile; fileRef = A4CA6E3C20B9BAE700EBB3F7 /* PhoneNumberSignupViewController.swift */; };
		A4DA347120CFFB9200F3202F /* PresentedTextFieldViewController.swift in Sources */ = {isa = PBXBuildFile; fileRef = A4DA347020CFFB9200F3202F /* PresentedTextFieldViewController.swift */; };
		E63E3A3C0AFEA2F7796DE4E0 /* Pods_Aristotle.framework in Frameworks */ = {isa = PBXBuildFile; fileRef = 349585FC1C15FED299B54C61 /* Pods_Aristotle.framework */; };
/* End PBXBuildFile section */

/* Begin PBXCopyFilesBuildPhase section */
		A4CA6E3820B9B77100EBB3F7 /* CopyFiles */ = {
			isa = PBXCopyFilesBuildPhase;
			buildActionMask = 12;
			dstPath = "";
			dstSubfolderSpec = 10;
			files = (
				A4CA6E3920B9B78300EBB3F7 /* AriCore.framework in CopyFiles */,
			);
			runOnlyForDeploymentPostprocessing = 0;
		};
/* End PBXCopyFilesBuildPhase section */

/* Begin PBXFileReference section */
		349585FC1C15FED299B54C61 /* Pods_Aristotle.framework */ = {isa = PBXFileReference; explicitFileType = wrapper.framework; includeInIndex = 0; path = Pods_Aristotle.framework; sourceTree = BUILT_PRODUCTS_DIR; };
		5CCA9B2C88E607B3F7FB6211 /* Pods-Aristotle.debug.xcconfig */ = {isa = PBXFileReference; includeInIndex = 1; lastKnownFileType = text.xcconfig; name = "Pods-Aristotle.debug.xcconfig"; path = "../Pods/Target Support Files/Pods-Aristotle/Pods-Aristotle.debug.xcconfig"; sourceTree = "<group>"; };
		A400272B20D142890079D9D8 /* UIColorExtension.swift */ = {isa = PBXFileReference; lastKnownFileType = sourcecode.swift; path = UIColorExtension.swift; sourceTree = "<group>"; };
		A400272D20D169230079D9D8 /* ImageGridLayoutCell.swift */ = {isa = PBXFileReference; lastKnownFileType = sourcecode.swift; path = ImageGridLayoutCell.swift; sourceTree = "<group>"; };
		A434B59620CC31F0006A7E20 /* PhoneNumberLoginViewController+LoginCallback.swift */ = {isa = PBXFileReference; lastKnownFileType = sourcecode.swift; path = "PhoneNumberLoginViewController+LoginCallback.swift"; sourceTree = "<group>"; };
		A434B59820CD1E5E006A7E20 /* RootTabBarViewController.swift */ = {isa = PBXFileReference; lastKnownFileType = sourcecode.swift; path = RootTabBarViewController.swift; sourceTree = "<group>"; };
		A434B59B20CD2FDD006A7E20 /* HomeViewController.swift */ = {isa = PBXFileReference; lastKnownFileType = sourcecode.swift; path = HomeViewController.swift; sourceTree = "<group>"; };
		A434B59E20CD32A3006A7E20 /* CourseViewController.swift */ = {isa = PBXFileReference; lastKnownFileType = sourcecode.swift; path = CourseViewController.swift; sourceTree = "<group>"; };
		A434B5A120CD330D006A7E20 /* MessageViewController.swift */ = {isa = PBXFileReference; lastKnownFileType = sourcecode.swift; path = MessageViewController.swift; sourceTree = "<group>"; };
		A434B5A420CD3367006A7E20 /* MeViewController.swift */ = {isa = PBXFileReference; lastKnownFileType = sourcecode.swift; path = MeViewController.swift; sourceTree = "<group>"; };
		A434B5A820CD847D006A7E20 /* CreateCourseViewController.swift */ = {isa = PBXFileReference; lastKnownFileType = sourcecode.swift; path = CreateCourseViewController.swift; sourceTree = "<group>"; };
		A434B5AA20CE573D006A7E20 /* TextFieldOnlyCell.swift */ = {isa = PBXFileReference; lastKnownFileType = sourcecode.swift; path = TextFieldOnlyCell.swift; sourceTree = "<group>"; };
		A434B5AC20CE68C7006A7E20 /* TextViewOnlyCell.swift */ = {isa = PBXFileReference; lastKnownFileType = sourcecode.swift; path = TextViewOnlyCell.swift; sourceTree = "<group>"; };
		A434B5AF20CE9DB4006A7E20 /* UIAlertController+Extension.swift */ = {isa = PBXFileReference; lastKnownFileType = sourcecode.swift; path = "UIAlertController+Extension.swift"; sourceTree = "<group>"; };
		A434B5B120CE9DE3006A7E20 /* PickerViewViewController.swift */ = {isa = PBXFileReference; lastKnownFileType = sourcecode.swift; path = PickerViewViewController.swift; sourceTree = "<group>"; };
		A434B5B320CEC441006A7E20 /* DatePickerViewController.swift */ = {isa = PBXFileReference; lastKnownFileType = sourcecode.swift; path = DatePickerViewController.swift; sourceTree = "<group>"; };
		A4BB305820C436E2006CD59B /* PhoneNumberInputViewController.swift */ = {isa = PBXFileReference; lastKnownFileType = sourcecode.swift; path = PhoneNumberInputViewController.swift; sourceTree = "<group>"; };
		A4CA6B6020B88E2C00EBB3F7 /* Aristotle.app */ = {isa = PBXFileReference; explicitFileType = wrapper.application; includeInIndex = 0; path = Aristotle.app; sourceTree = BUILT_PRODUCTS_DIR; };
		A4CA6B6320B88E2C00EBB3F7 /* AppDelegate.swift */ = {isa = PBXFileReference; lastKnownFileType = sourcecode.swift; path = AppDelegate.swift; sourceTree = "<group>"; };
		A4CA6B6B20B88E2C00EBB3F7 /* Aristotle.xcdatamodel */ = {isa = PBXFileReference; lastKnownFileType = wrapper.xcdatamodel; path = Aristotle.xcdatamodel; sourceTree = "<group>"; };
		A4CA6B6D20B88E2C00EBB3F7 /* Assets.xcassets */ = {isa = PBXFileReference; lastKnownFileType = folder.assetcatalog; path = Assets.xcassets; sourceTree = "<group>"; };
		A4CA6B7220B88E2C00EBB3F7 /* Info.plist */ = {isa = PBXFileReference; lastKnownFileType = text.plist.xml; path = Info.plist; sourceTree = "<group>"; };
		A4CA6B8D20B88EBA00EBB3F7 /* Aristotle-Bridging-Header.h */ = {isa = PBXFileReference; lastKnownFileType = sourcecode.c.h; path = "Aristotle-Bridging-Header.h"; sourceTree = "<group>"; };
		A4CA6B8F20B88F7100EBB3F7 /* AriCore.framework */ = {isa = PBXFileReference; explicitFileType = wrapper.framework; path = AriCore.framework; sourceTree = BUILT_PRODUCTS_DIR; };
		A4CA6E3520B9874F00EBB3F7 /* LoginViewController.swift */ = {isa = PBXFileReference; lastKnownFileType = sourcecode.swift; path = LoginViewController.swift; sourceTree = "<group>"; };
		A4CA6E3A20B9BA3100EBB3F7 /* PhoneNumberLoginViewController.swift */ = {isa = PBXFileReference; lastKnownFileType = sourcecode.swift; path = PhoneNumberLoginViewController.swift; sourceTree = "<group>"; };
		A4CA6E3C20B9BAE700EBB3F7 /* PhoneNumberSignupViewController.swift */ = {isa = PBXFileReference; lastKnownFileType = sourcecode.swift; path = PhoneNumberSignupViewController.swift; sourceTree = "<group>"; };
		A4DA347020CFFB9200F3202F /* PresentedTextFieldViewController.swift */ = {isa = PBXFileReference; lastKnownFileType = sourcecode.swift; path = PresentedTextFieldViewController.swift; sourceTree = "<group>"; };
		BBE675648F80C74587F3E406 /* Pods-Aristotle.release.xcconfig */ = {isa = PBXFileReference; includeInIndex = 1; lastKnownFileType = text.xcconfig; name = "Pods-Aristotle.release.xcconfig"; path = "../Pods/Target Support Files/Pods-Aristotle/Pods-Aristotle.release.xcconfig"; sourceTree = "<group>"; };
/* End PBXFileReference section */

/* Begin PBXFrameworksBuildPhase section */
		A4CA6B5D20B88E2C00EBB3F7 /* Frameworks */ = {
			isa = PBXFrameworksBuildPhase;
			buildActionMask = 2147483647;
			files = (
				A4CA6B9020B88F7100EBB3F7 /* AriCore.framework in Frameworks */,
				E63E3A3C0AFEA2F7796DE4E0 /* Pods_Aristotle.framework in Frameworks */,
			);
			runOnlyForDeploymentPostprocessing = 0;
		};
/* End PBXFrameworksBuildPhase section */

/* Begin PBXGroup section */
		6E0F1EBF99A7032FA11350A7 /* Pods */ = {
			isa = PBXGroup;
			children = (
				5CCA9B2C88E607B3F7FB6211 /* Pods-Aristotle.debug.xcconfig */,
				BBE675648F80C74587F3E406 /* Pods-Aristotle.release.xcconfig */,
			);
			name = Pods;
			sourceTree = "<group>";
		};
		A400272A20D1425A0079D9D8 /* extension */ = {
			isa = PBXGroup;
			children = (
				A400272B20D142890079D9D8 /* UIColorExtension.swift */,
			);
			path = extension;
			sourceTree = "<group>";
		};
		A434B59A20CD2F8F006A7E20 /* home */ = {
			isa = PBXGroup;
			children = (
				A434B59B20CD2FDD006A7E20 /* HomeViewController.swift */,
			);
			path = home;
			sourceTree = "<group>";
		};
		A434B59D20CD3280006A7E20 /* course */ = {
			isa = PBXGroup;
			children = (
				A434B59E20CD32A3006A7E20 /* CourseViewController.swift */,
				A434B5A820CD847D006A7E20 /* CreateCourseViewController.swift */,
			);
			path = course;
			sourceTree = "<group>";
		};
		A434B5A020CD32C6006A7E20 /* message */ = {
			isa = PBXGroup;
			children = (
				A434B5A120CD330D006A7E20 /* MessageViewController.swift */,
			);
			path = message;
			sourceTree = "<group>";
		};
		A434B5A320CD3346006A7E20 /* me */ = {
			isa = PBXGroup;
			children = (
				A434B5A420CD3367006A7E20 /* MeViewController.swift */,
			);
			path = me;
			sourceTree = "<group>";
		};
		A434B5AE20CE9CDB006A7E20 /* alert */ = {
			isa = PBXGroup;
			children = (
				A434B5AF20CE9DB4006A7E20 /* UIAlertController+Extension.swift */,
				A434B5B120CE9DE3006A7E20 /* PickerViewViewController.swift */,
				A434B5B320CEC441006A7E20 /* DatePickerViewController.swift */,
			);
			path = alert;
			sourceTree = "<group>";
		};
		A4BB305220C2FF4E006CD59B /* common */ = {
			isa = PBXGroup;
			children = (
				A400272A20D1425A0079D9D8 /* extension */,
				A4DA346F20CFFB5500F3202F /* viewcontroller */,
				A4DA346E20CFFAB800F3202F /* uicomponent */,
				A434B5AE20CE9CDB006A7E20 /* alert */,
			);
			path = common;
			sourceTree = "<group>";
		};
		A4CA6B5720B88E2C00EBB3F7 = {
			isa = PBXGroup;
			children = (
				A4CA6B6220B88E2C00EBB3F7 /* Aristotle */,
				A4CA6B6120B88E2C00EBB3F7 /* Products */,
				A4CA6B8E20B88F7100EBB3F7 /* Frameworks */,
				6E0F1EBF99A7032FA11350A7 /* Pods */,
			);
			sourceTree = "<group>";
		};
		A4CA6B6120B88E2C00EBB3F7 /* Products */ = {
			isa = PBXGroup;
			children = (
				A4CA6B6020B88E2C00EBB3F7 /* Aristotle.app */,
			);
			name = Products;
			sourceTree = "<group>";
		};
		A4CA6B6220B88E2C00EBB3F7 /* Aristotle */ = {
			isa = PBXGroup;
			children = (
				A4BB305220C2FF4E006CD59B /* common */,
				A434B5A320CD3346006A7E20 /* me */,
				A434B5A020CD32C6006A7E20 /* message */,
				A434B59D20CD3280006A7E20 /* course */,
				A434B59A20CD2F8F006A7E20 /* home */,
				A4CA6E3420B921D200EBB3F7 /* login */,
				A4CA6B6320B88E2C00EBB3F7 /* AppDelegate.swift */,
				A434B59820CD1E5E006A7E20 /* RootTabBarViewController.swift */,
				A4CA6B6D20B88E2C00EBB3F7 /* Assets.xcassets */,
				A4CA6B7220B88E2C00EBB3F7 /* Info.plist */,
				A4CA6B6A20B88E2C00EBB3F7 /* Aristotle.xcdatamodeld */,
				A4CA6B8D20B88EBA00EBB3F7 /* Aristotle-Bridging-Header.h */,
			);
			path = Aristotle;
			sourceTree = "<group>";
		};
		A4CA6B8E20B88F7100EBB3F7 /* Frameworks */ = {
			isa = PBXGroup;
			children = (
				A4CA6B8F20B88F7100EBB3F7 /* AriCore.framework */,
				349585FC1C15FED299B54C61 /* Pods_Aristotle.framework */,
			);
			name = Frameworks;
			sourceTree = "<group>";
		};
		A4CA6E3420B921D200EBB3F7 /* login */ = {
			isa = PBXGroup;
			children = (
				A4CA6E3520B9874F00EBB3F7 /* LoginViewController.swift */,
				A4CA6E3A20B9BA3100EBB3F7 /* PhoneNumberLoginViewController.swift */,
				A434B59620CC31F0006A7E20 /* PhoneNumberLoginViewController+LoginCallback.swift */,
				A4CA6E3C20B9BAE700EBB3F7 /* PhoneNumberSignupViewController.swift */,
				A4BB305820C436E2006CD59B /* PhoneNumberInputViewController.swift */,
			);
			path = login;
			sourceTree = "<group>";
		};
		A4DA346E20CFFAB800F3202F /* uicomponent */ = {
			isa = PBXGroup;
			children = (
				A434B5AC20CE68C7006A7E20 /* TextViewOnlyCell.swift */,
				A434B5AA20CE573D006A7E20 /* TextFieldOnlyCell.swift */,
				A400272D20D169230079D9D8 /* ImageGridLayoutCell.swift */,
			);
			path = uicomponent;
			sourceTree = "<group>";
		};
		A4DA346F20CFFB5500F3202F /* viewcontroller */ = {
			isa = PBXGroup;
			children = (
				A4DA347020CFFB9200F3202F /* PresentedTextFieldViewController.swift */,
			);
			path = viewcontroller;
			sourceTree = "<group>";
		};
/* End PBXGroup section */

/* Begin PBXNativeTarget section */
		A4CA6B5F20B88E2C00EBB3F7 /* Aristotle */ = {
			isa = PBXNativeTarget;
			buildConfigurationList = A4CA6B7520B88E2C00EBB3F7 /* Build configuration list for PBXNativeTarget "Aristotle" */;
			buildPhases = (
				3A65ABE04FFBBEC323D9DB35 /* [CP] Check Pods Manifest.lock */,
				A4CA6B5C20B88E2C00EBB3F7 /* Sources */,
				A4CA6B5D20B88E2C00EBB3F7 /* Frameworks */,
				A4CA6B5E20B88E2C00EBB3F7 /* Resources */,
				A4CA6E3820B9B77100EBB3F7 /* CopyFiles */,
				7CD32521BB3A4BDD2D643D4E /* [CP] Embed Pods Frameworks */,
				82B33326EC5F0AF5BEAEAA72 /* [CP] Copy Pods Resources */,
			);
			buildRules = (
			);
			dependencies = (
			);
			name = Aristotle;
			productName = Aristotle;
			productReference = A4CA6B6020B88E2C00EBB3F7 /* Aristotle.app */;
			productType = "com.apple.product-type.application";
		};
/* End PBXNativeTarget section */

/* Begin PBXProject section */
		A4CA6B5820B88E2C00EBB3F7 /* Project object */ = {
			isa = PBXProject;
			attributes = {
				LastSwiftUpdateCheck = 0930;
				LastUpgradeCheck = 0930;
				ORGANIZATIONNAME = "Eric Rao";
				TargetAttributes = {
					A4CA6B5F20B88E2C00EBB3F7 = {
						CreatedOnToolsVersion = 9.3;
					};
				};
			};
			buildConfigurationList = A4CA6B5B20B88E2C00EBB3F7 /* Build configuration list for PBXProject "Aristotle" */;
			compatibilityVersion = "Xcode 9.3";
			developmentRegion = en;
			hasScannedForEncodings = 0;
			knownRegions = (
				en,
				Base,
			);
			mainGroup = A4CA6B5720B88E2C00EBB3F7;
			productRefGroup = A4CA6B6120B88E2C00EBB3F7 /* Products */;
			projectDirPath = "";
			projectRoot = "";
			targets = (
				A4CA6B5F20B88E2C00EBB3F7 /* Aristotle */,
			);
		};
/* End PBXProject section */

/* Begin PBXResourcesBuildPhase section */
		A4CA6B5E20B88E2C00EBB3F7 /* Resources */ = {
			isa = PBXResourcesBuildPhase;
			buildActionMask = 2147483647;
			files = (
				A4CA6B6E20B88E2C00EBB3F7 /* Assets.xcassets in Resources */,
			);
			runOnlyForDeploymentPostprocessing = 0;
		};
/* End PBXResourcesBuildPhase section */

/* Begin PBXShellScriptBuildPhase section */
		3A65ABE04FFBBEC323D9DB35 /* [CP] Check Pods Manifest.lock */ = {
			isa = PBXShellScriptBuildPhase;
			buildActionMask = 2147483647;
			files = (
			);
			inputPaths = (
				"${PODS_PODFILE_DIR_PATH}/Podfile.lock",
				"${PODS_ROOT}/Manifest.lock",
			);
			name = "[CP] Check Pods Manifest.lock";
			outputPaths = (
				"$(DERIVED_FILE_DIR)/Pods-Aristotle-checkManifestLockResult.txt",
			);
			runOnlyForDeploymentPostprocessing = 0;
			shellPath = /bin/sh;
			shellScript = "diff \"${PODS_PODFILE_DIR_PATH}/Podfile.lock\" \"${PODS_ROOT}/Manifest.lock\" > /dev/null\nif [ $? != 0 ] ; then\n    # print error to STDERR\n    echo \"error: The sandbox is not in sync with the Podfile.lock. Run 'pod install' or update your CocoaPods installation.\" >&2\n    exit 1\nfi\n# This output is used by Xcode 'outputs' to avoid re-running this script phase.\necho \"SUCCESS\" > \"${SCRIPT_OUTPUT_FILE_0}\"\n";
			showEnvVarsInLog = 0;
		};
		7CD32521BB3A4BDD2D643D4E /* [CP] Embed Pods Frameworks */ = {
			isa = PBXShellScriptBuildPhase;
			buildActionMask = 2147483647;
			files = (
			);
			inputPaths = (
				"${SRCROOT}/../Pods/Target Support Files/Pods-Aristotle/Pods-Aristotle-frameworks.sh",
				"${BUILT_PRODUCTS_DIR}/SnapKit/SnapKit.framework",
			);
			name = "[CP] Embed Pods Frameworks";
			outputPaths = (
				"${TARGET_BUILD_DIR}/${FRAMEWORKS_FOLDER_PATH}/SnapKit.framework",
			);
			runOnlyForDeploymentPostprocessing = 0;
			shellPath = /bin/sh;
			shellScript = "\"${SRCROOT}/../Pods/Target Support Files/Pods-Aristotle/Pods-Aristotle-frameworks.sh\"\n";
			showEnvVarsInLog = 0;
		};
		82B33326EC5F0AF5BEAEAA72 /* [CP] Copy Pods Resources */ = {
			isa = PBXShellScriptBuildPhase;
			buildActionMask = 2147483647;
			files = (
			);
			inputPaths = (
			);
			name = "[CP] Copy Pods Resources";
			outputPaths = (
			);
			runOnlyForDeploymentPostprocessing = 0;
			shellPath = /bin/sh;
			shellScript = "\"${SRCROOT}/../Pods/Target Support Files/Pods-Aristotle/Pods-Aristotle-resources.sh\"\n";
			showEnvVarsInLog = 0;
		};
/* End PBXShellScriptBuildPhase section */

/* Begin PBXSourcesBuildPhase section */
		A4CA6B5C20B88E2C00EBB3F7 /* Sources */ = {
			isa = PBXSourcesBuildPhase;
			buildActionMask = 2147483647;
			files = (
				A434B5A520CD3367006A7E20 /* MeViewController.swift in Sources */,
				A4BB305920C436E2006CD59B /* PhoneNumberInputViewController.swift in Sources */,
				A434B5B420CEC441006A7E20 /* DatePickerViewController.swift in Sources */,
				A434B5A920CD847D006A7E20 /* CreateCourseViewController.swift in Sources */,
				A434B59720CC31F0006A7E20 /* PhoneNumberLoginViewController+LoginCallback.swift in Sources */,
				A4CA6E3D20B9BAE700EBB3F7 /* PhoneNumberSignupViewController.swift in Sources */,
				A4CA6E3620B9874F00EBB3F7 /* LoginViewController.swift in Sources */,
				A400272C20D142890079D9D8 /* UIColorExtension.swift in Sources */,
				A434B5AB20CE573D006A7E20 /* TextFieldOnlyCell.swift in Sources */,
				A400272E20D169230079D9D8 /* ImageGridLayoutCell.swift in Sources */,
				A4CA6B6C20B88E2C00EBB3F7 /* Aristotle.xcdatamodeld in Sources */,
				A434B59C20CD2FDD006A7E20 /* HomeViewController.swift in Sources */,
				A4CA6E3B20B9BA3100EBB3F7 /* PhoneNumberLoginViewController.swift in Sources */,
				A434B5B220CE9DE3006A7E20 /* PickerViewViewController.swift in Sources */,
				A4DA347120CFFB9200F3202F /* PresentedTextFieldViewController.swift in Sources */,
				A434B5B020CE9DB4006A7E20 /* UIAlertController+Extension.swift in Sources */,
				A434B59F20CD32A3006A7E20 /* CourseViewController.swift in Sources */,
				A4CA6B6420B88E2C00EBB3F7 /* AppDelegate.swift in Sources */,
				A434B5AD20CE68C7006A7E20 /* TextViewOnlyCell.swift in Sources */,
				A434B59920CD1E5E006A7E20 /* RootTabBarViewController.swift in Sources */,
				A434B5A220CD330D006A7E20 /* MessageViewController.swift in Sources */,
			);
			runOnlyForDeploymentPostprocessing = 0;
		};
/* End PBXSourcesBuildPhase section */

/* Begin XCBuildConfiguration section */
		A4CA6B7320B88E2C00EBB3F7 /* Debug */ = {
			isa = XCBuildConfiguration;
			buildSettings = {
				ALWAYS_SEARCH_USER_PATHS = NO;
				CLANG_ANALYZER_NONNULL = YES;
				CLANG_ANALYZER_NUMBER_OBJECT_CONVERSION = YES_AGGRESSIVE;
				CLANG_CXX_LANGUAGE_STANDARD = "gnu++14";
				CLANG_CXX_LIBRARY = "libc++";
				CLANG_ENABLE_MODULES = YES;
				CLANG_ENABLE_OBJC_ARC = YES;
				CLANG_ENABLE_OBJC_WEAK = YES;
				CLANG_WARN_BLOCK_CAPTURE_AUTORELEASING = YES;
				CLANG_WARN_BOOL_CONVERSION = YES;
				CLANG_WARN_COMMA = YES;
				CLANG_WARN_CONSTANT_CONVERSION = YES;
				CLANG_WARN_DEPRECATED_OBJC_IMPLEMENTATIONS = YES;
				CLANG_WARN_DIRECT_OBJC_ISA_USAGE = YES_ERROR;
				CLANG_WARN_DOCUMENTATION_COMMENTS = YES;
				CLANG_WARN_EMPTY_BODY = YES;
				CLANG_WARN_ENUM_CONVERSION = YES;
				CLANG_WARN_INFINITE_RECURSION = YES;
				CLANG_WARN_INT_CONVERSION = YES;
				CLANG_WARN_NON_LITERAL_NULL_CONVERSION = YES;
				CLANG_WARN_OBJC_IMPLICIT_RETAIN_SELF = YES;
				CLANG_WARN_OBJC_LITERAL_CONVERSION = YES;
				CLANG_WARN_OBJC_ROOT_CLASS = YES_ERROR;
				CLANG_WARN_RANGE_LOOP_ANALYSIS = YES;
				CLANG_WARN_STRICT_PROTOTYPES = YES;
				CLANG_WARN_SUSPICIOUS_MOVE = YES;
				CLANG_WARN_UNGUARDED_AVAILABILITY = YES_AGGRESSIVE;
				CLANG_WARN_UNREACHABLE_CODE = YES;
				CLANG_WARN__DUPLICATE_METHOD_MATCH = YES;
				CODE_SIGN_IDENTITY = "iPhone Developer";
				COPY_PHASE_STRIP = NO;
				DEBUG_INFORMATION_FORMAT = dwarf;
				ENABLE_STRICT_OBJC_MSGSEND = YES;
				ENABLE_TESTABILITY = YES;
				GCC_C_LANGUAGE_STANDARD = gnu11;
				GCC_DYNAMIC_NO_PIC = NO;
				GCC_NO_COMMON_BLOCKS = YES;
				GCC_OPTIMIZATION_LEVEL = 0;
				GCC_PREPROCESSOR_DEFINITIONS = (
					"DEBUG=1",
					"$(inherited)",
				);
				GCC_WARN_64_TO_32_BIT_CONVERSION = YES;
				GCC_WARN_ABOUT_RETURN_TYPE = YES_ERROR;
				GCC_WARN_UNDECLARED_SELECTOR = YES;
				GCC_WARN_UNINITIALIZED_AUTOS = YES_AGGRESSIVE;
				GCC_WARN_UNUSED_FUNCTION = YES;
				GCC_WARN_UNUSED_VARIABLE = YES;
				IPHONEOS_DEPLOYMENT_TARGET = 11.3;
				MTL_ENABLE_DEBUG_INFO = YES;
				ONLY_ACTIVE_ARCH = YES;
				SDKROOT = iphoneos;
				SWIFT_ACTIVE_COMPILATION_CONDITIONS = DEBUG;
				SWIFT_OPTIMIZATION_LEVEL = "-Onone";
			};
			name = Debug;
		};
		A4CA6B7420B88E2C00EBB3F7 /* Release */ = {
			isa = XCBuildConfiguration;
			buildSettings = {
				ALWAYS_SEARCH_USER_PATHS = NO;
				CLANG_ANALYZER_NONNULL = YES;
				CLANG_ANALYZER_NUMBER_OBJECT_CONVERSION = YES_AGGRESSIVE;
				CLANG_CXX_LANGUAGE_STANDARD = "gnu++14";
				CLANG_CXX_LIBRARY = "libc++";
				CLANG_ENABLE_MODULES = YES;
				CLANG_ENABLE_OBJC_ARC = YES;
				CLANG_ENABLE_OBJC_WEAK = YES;
				CLANG_WARN_BLOCK_CAPTURE_AUTORELEASING = YES;
				CLANG_WARN_BOOL_CONVERSION = YES;
				CLANG_WARN_COMMA = YES;
				CLANG_WARN_CONSTANT_CONVERSION = YES;
				CLANG_WARN_DEPRECATED_OBJC_IMPLEMENTATIONS = YES;
				CLANG_WARN_DIRECT_OBJC_ISA_USAGE = YES_ERROR;
				CLANG_WARN_DOCUMENTATION_COMMENTS = YES;
				CLANG_WARN_EMPTY_BODY = YES;
				CLANG_WARN_ENUM_CONVERSION = YES;
				CLANG_WARN_INFINITE_RECURSION = YES;
				CLANG_WARN_INT_CONVERSION = YES;
				CLANG_WARN_NON_LITERAL_NULL_CONVERSION = YES;
				CLANG_WARN_OBJC_IMPLICIT_RETAIN_SELF = YES;
				CLANG_WARN_OBJC_LITERAL_CONVERSION = YES;
				CLANG_WARN_OBJC_ROOT_CLASS = YES_ERROR;
				CLANG_WARN_RANGE_LOOP_ANALYSIS = YES;
				CLANG_WARN_STRICT_PROTOTYPES = YES;
				CLANG_WARN_SUSPICIOUS_MOVE = YES;
				CLANG_WARN_UNGUARDED_AVAILABILITY = YES_AGGRESSIVE;
				CLANG_WARN_UNREACHABLE_CODE = YES;
				CLANG_WARN__DUPLICATE_METHOD_MATCH = YES;
				CODE_SIGN_IDENTITY = "iPhone Developer";
				COPY_PHASE_STRIP = NO;
				DEBUG_INFORMATION_FORMAT = "dwarf-with-dsym";
				ENABLE_NS_ASSERTIONS = NO;
				ENABLE_STRICT_OBJC_MSGSEND = YES;
				GCC_C_LANGUAGE_STANDARD = gnu11;
				GCC_NO_COMMON_BLOCKS = YES;
				GCC_WARN_64_TO_32_BIT_CONVERSION = YES;
				GCC_WARN_ABOUT_RETURN_TYPE = YES_ERROR;
				GCC_WARN_UNDECLARED_SELECTOR = YES;
				GCC_WARN_UNINITIALIZED_AUTOS = YES_AGGRESSIVE;
				GCC_WARN_UNUSED_FUNCTION = YES;
				GCC_WARN_UNUSED_VARIABLE = YES;
				IPHONEOS_DEPLOYMENT_TARGET = 11.3;
				MTL_ENABLE_DEBUG_INFO = NO;
				SDKROOT = iphoneos;
				SWIFT_COMPILATION_MODE = wholemodule;
				SWIFT_OPTIMIZATION_LEVEL = "-O";
				VALIDATE_PRODUCT = YES;
			};
			name = Release;
		};
		A4CA6B7620B88E2C00EBB3F7 /* Debug */ = {
			isa = XCBuildConfiguration;
			baseConfigurationReference = 5CCA9B2C88E607B3F7FB6211 /* Pods-Aristotle.debug.xcconfig */;
			buildSettings = {
				ASSETCATALOG_COMPILER_APPICON_NAME = AppIcon;
				CODE_SIGN_STYLE = Automatic;
				DEVELOPMENT_TEAM = XMD5FWTLLL;
				ENABLE_BITCODE = NO;
				HEADER_SEARCH_PATHS = (
					"${SRCROOT}/../AriCore/AriCore",
					"${SRCROOT}/../AriCore/AriCore/Objc",
					"${SRCROOT}/../AriCore/AriCore/Objc/gen",
				);
				INFOPLIST_FILE = Aristotle/Info.plist;
				LD_RUNPATH_SEARCH_PATHS = (
					"$(inherited)",
					"@executable_path/Frameworks",
				);
				PRODUCT_BUNDLE_IDENTIFIER = "com.link-edu.Aristotle";
				PRODUCT_NAME = "$(TARGET_NAME)";
				SWIFT_OBJC_BRIDGING_HEADER = "${SRCROOT}/Aristotle/Aristotle-Bridging-Header.h";
				SWIFT_VERSION = 4.0;
				TARGETED_DEVICE_FAMILY = "1,2";
			};
			name = Debug;
		};
		A4CA6B7720B88E2C00EBB3F7 /* Release */ = {
			isa = XCBuildConfiguration;
			baseConfigurationReference = BBE675648F80C74587F3E406 /* Pods-Aristotle.release.xcconfig */;
			buildSettings = {
				ASSETCATALOG_COMPILER_APPICON_NAME = AppIcon;
				CODE_SIGN_STYLE = Automatic;
				DEVELOPMENT_TEAM = XMD5FWTLLL;
				ENABLE_BITCODE = NO;
				HEADER_SEARCH_PATHS = (
					"${SRCROOT}/../AriCore/AriCore",
					"${SRCROOT}/../AriCore/AriCore/Objc",
					"${SRCROOT}/../AriCore/AriCore/Objc/gen",
				);
				INFOPLIST_FILE = Aristotle/Info.plist;
				LD_RUNPATH_SEARCH_PATHS = (
					"$(inherited)",
					"@executable_path/Frameworks",
				);
				PRODUCT_BUNDLE_IDENTIFIER = "com.link-edu.Aristotle";
				PRODUCT_NAME = "$(TARGET_NAME)";
				SWIFT_OBJC_BRIDGING_HEADER = "${SRCROOT}/Aristotle/Aristotle-Bridging-Header.h";
				SWIFT_VERSION = 4.0;
				TARGETED_DEVICE_FAMILY = "1,2";
			};
			name = Release;
		};
/* End XCBuildConfiguration section */

/* Begin XCConfigurationList section */
		A4CA6B5B20B88E2C00EBB3F7 /* Build configuration list for PBXProject "Aristotle" */ = {
			isa = XCConfigurationList;
			buildConfigurations = (
				A4CA6B7320B88E2C00EBB3F7 /* Debug */,
				A4CA6B7420B88E2C00EBB3F7 /* Release */,
			);
			defaultConfigurationIsVisible = 0;
			defaultConfigurationName = Release;
		};
		A4CA6B7520B88E2C00EBB3F7 /* Build configuration list for PBXNativeTarget "Aristotle" */ = {
			isa = XCConfigurationList;
			buildConfigurations = (
				A4CA6B7620B88E2C00EBB3F7 /* Debug */,
				A4CA6B7720B88E2C00EBB3F7 /* Release */,
			);
			defaultConfigurationIsVisible = 0;
			defaultConfigurationName = Release;
		};
/* End XCConfigurationList section */

/* Begin XCVersionGroup section */
		A4CA6B6A20B88E2C00EBB3F7 /* Aristotle.xcdatamodeld */ = {
			isa = XCVersionGroup;
			children = (
				A4CA6B6B20B88E2C00EBB3F7 /* Aristotle.xcdatamodel */,
			);
			currentVersion = A4CA6B6B20B88E2C00EBB3F7 /* Aristotle.xcdatamodel */;
			path = Aristotle.xcdatamodeld;
			sourceTree = "<group>";
			versionGroupType = wrapper.xcdatamodel;
		};
/* End XCVersionGroup section */
	};
	rootObject = A4CA6B5820B88E2C00EBB3F7 /* Project object */;
}
